
Microsoft Visual Studio Solution File, Format Version 12.00
# Visual Studio 2012
Project("{8BC9CEB8-8B4A-11D0-8D11-00A0C91BC942}") = "665_hw_1", "665_hw_1.vcxproj", "{D065CE5A-C4A7-4097-BB7D-E7C3012B22CF}"
EndProject
Global
	GlobalSection(SolutionConfigurationPlatforms) = preSolution
		Debug|Win32 = Debug|Win32
		Release|Win32 = Release|Win32
	EndGlobalSection
	GlobalSection(ProjectConfigurationPlatforms) = postSolution
		{D065CE5A-C4A7-4097-BB7D-E7C3012B22CF}.Debug|Win32.ActiveCfg = Debug|Win32
		{D065CE5A-C4A7-4097-BB7D-E7C3012B22CF}.Debug|Win32.Build.0 = Debug|Win32
		{D065CE5A-C4A7-4097-BB7D-E7C3012B22CF}.Release|Win32.ActiveCfg = Release|Win32
		{D065CE5A-C4A7-4097-BB7D-E7C3012B22CF}.Release|Win32.Build.0 = Release|Win32
	EndGlobalSection
	GlobalSection(SolutionProperties) = preSolution
		HideSolutionNode = FALSE
	EndGlobalSection
EndGlobal
